
Microsoft Visual Studio Solution File, Format Version 12.00
# Visual Studio Version 17
VisualStudioVersion = 17.14.37314.3 d17.14
MinimumVisualStudioVersion = 10.0.40219.1
Project("{FAE04EC0-301F-11D3-BF4B-00C04F79EFBC}") = "ComplexNumbers", "ComplexNumbers\ComplexNumbers.csproj", "{FB2BA2CC-FFC2-44E4-A9FF-ABB85BE16969}"
EndProject
Project("{FAE04EC0-301F-11D3-BF4B-00C04F79EFBC}") = "ComplexNumbers.UnitTests", "ComplexNumbers.UnitTests\ComplexNumbers.UnitTests.csproj", "{BA9A6AA3-2DBF-4D5F-B264-BAACFDFA0C24}"
EndProject
Global
	GlobalSection(SolutionConfigurationPlatforms) = preSolution
		Debug|Any CPU = Debug|Any CPU
		Release|Any CPU = Release|Any CPU
	EndGlobalSection
	GlobalSection(ProjectConfigurationPlatforms) = postSolution
		{FB2BA2CC-FFC2-44E4-A9FF-ABB85BE16969}.Debug|Any CPU.ActiveCfg = Debug|Any CPU
		{FB2BA2CC-FFC2-44E4-A9FF-ABB85BE16969}.Debug|Any CPU.Build.0 = Debug|Any CPU
		{FB2BA2CC-FFC2-44E4-A9FF-ABB85BE16969}.Release|Any CPU.ActiveCfg = Release|Any CPU
		{FB2BA2CC-FFC2-44E4-A9FF-ABB85BE16969}.Release|Any CPU.Build.0 = Release|Any CPU
		{BA9A6AA3-2DBF-4D5F-B264-BAACFDFA0C24}.Debug|Any CPU.ActiveCfg = Debug|Any CPU
		{BA9A6AA3-2DBF-4D5F-B264-BAACFDFA0C24}.Debug|Any CPU.Build.0 = Debug|Any CPU
		{BA9A6AA3-2DBF-4D5F-B264-BAACFDFA0C24}.Release|Any CPU.ActiveCfg = Release|Any CPU
		{BA9A6AA3-2DBF-4D5F-B264-BAACFDFA0C24}.Release|Any CPU.Build.0 = Release|Any CPU
	EndGlobalSection
	GlobalSection(SolutionProperties) = preSolution
		HideSolutionNode = FALSE
	EndGlobalSection
	GlobalSection(ExtensibilityGlobals) = postSolution
		SolutionGuid = {C64A9A4E-7E02-4865-BE1E-080D20BC3DD1}
	EndGlobalSection
EndGlobal
