
Microsoft Visual Studio Solution File, Format Version 12.00
# Visual Studio Version 17
VisualStudioVersion = 17.14.36705.20 d17.14
MinimumVisualStudioVersion = 10.0.40219.1
Project("{FAE04EC0-301F-11D3-BF4B-00C04F79EFBC}") = "task_11", "task_11\task_11.csproj", "{96600625-16DB-492D-88DC-AE980A137B30}"
EndProject
Global
	GlobalSection(SolutionConfigurationPlatforms) = preSolution
		Debug|Any CPU = Debug|Any CPU
		Release|Any CPU = Release|Any CPU
	EndGlobalSection
	GlobalSection(ProjectConfigurationPlatforms) = postSolution
		{96600625-16DB-492D-88DC-AE980A137B30}.Debug|Any CPU.ActiveCfg = Debug|Any CPU
		{96600625-16DB-492D-88DC-AE980A137B30}.Debug|Any CPU.Build.0 = Debug|Any CPU
		{96600625-16DB-492D-88DC-AE980A137B30}.Release|Any CPU.ActiveCfg = Release|Any CPU
		{96600625-16DB-492D-88DC-AE980A137B30}.Release|Any CPU.Build.0 = Release|Any CPU
	EndGlobalSection
	GlobalSection(SolutionProperties) = preSolution
		HideSolutionNode = FALSE
	EndGlobalSection
	GlobalSection(ExtensibilityGlobals) = postSolution
		SolutionGuid = {E8640084-7A8C-4691-8FBF-642346545196}
	EndGlobalSection
EndGlobal
