
Microsoft Visual Studio Solution File, Format Version 12.00
# Visual Studio Version 17
VisualStudioVersion = 17.14.36705.20 d17.14
MinimumVisualStudioVersion = 10.0.40219.1
Project("{FAE04EC0-301F-11D3-BF4B-00C04F79EFBC}") = "task10_3", "task10_3\task10_3.csproj", "{EAC1EFCF-6B48-426F-892A-8223EEE3ED55}"
EndProject
Global
	GlobalSection(SolutionConfigurationPlatforms) = preSolution
		Debug|Any CPU = Debug|Any CPU
		Release|Any CPU = Release|Any CPU
	EndGlobalSection
	GlobalSection(ProjectConfigurationPlatforms) = postSolution
		{EAC1EFCF-6B48-426F-892A-8223EEE3ED55}.Debug|Any CPU.ActiveCfg = Debug|Any CPU
		{EAC1EFCF-6B48-426F-892A-8223EEE3ED55}.Debug|Any CPU.Build.0 = Debug|Any CPU
		{EAC1EFCF-6B48-426F-892A-8223EEE3ED55}.Release|Any CPU.ActiveCfg = Release|Any CPU
		{EAC1EFCF-6B48-426F-892A-8223EEE3ED55}.Release|Any CPU.Build.0 = Release|Any CPU
	EndGlobalSection
	GlobalSection(SolutionProperties) = preSolution
		HideSolutionNode = FALSE
	EndGlobalSection
	GlobalSection(ExtensibilityGlobals) = postSolution
		SolutionGuid = {085E782B-C209-46E8-B817-948CF058B456}
	EndGlobalSection
EndGlobal
