
Microsoft Visual Studio Solution File, Format Version 12.00
# Visual Studio Version 17
VisualStudioVersion = 17.14.36705.20 d17.14
MinimumVisualStudioVersion = 10.0.40219.1
Project("{FAE04EC0-301F-11D3-BF4B-00C04F79EFBC}") = "task10_6", "task10_6\task10_6.csproj", "{7A44612A-3C21-490B-A166-248482593100}"
EndProject
Global
	GlobalSection(SolutionConfigurationPlatforms) = preSolution
		Debug|Any CPU = Debug|Any CPU
		Release|Any CPU = Release|Any CPU
	EndGlobalSection
	GlobalSection(ProjectConfigurationPlatforms) = postSolution
		{7A44612A-3C21-490B-A166-248482593100}.Debug|Any CPU.ActiveCfg = Debug|Any CPU
		{7A44612A-3C21-490B-A166-248482593100}.Debug|Any CPU.Build.0 = Debug|Any CPU
		{7A44612A-3C21-490B-A166-248482593100}.Release|Any CPU.ActiveCfg = Release|Any CPU
		{7A44612A-3C21-490B-A166-248482593100}.Release|Any CPU.Build.0 = Release|Any CPU
	EndGlobalSection
	GlobalSection(SolutionProperties) = preSolution
		HideSolutionNode = FALSE
	EndGlobalSection
	GlobalSection(ExtensibilityGlobals) = postSolution
		SolutionGuid = {65A7CBD0-1438-40A5-9E0B-7DAE099BEC7C}
	EndGlobalSection
EndGlobal
