
Microsoft Visual Studio Solution File, Format Version 12.00
# Visual Studio Version 17
VisualStudioVersion = 17.14.36511.14 d17.14
MinimumVisualStudioVersion = 10.0.40219.1
Project("{FAE04EC0-301F-11D3-BF4B-00C04F79EFBC}") = "task06_1", "task06_1\task06_1.csproj", "{A4B4F55C-B350-4F7A-85A8-518D3FA4EEA9}"
EndProject
Global
	GlobalSection(SolutionConfigurationPlatforms) = preSolution
		Debug|Any CPU = Debug|Any CPU
		Release|Any CPU = Release|Any CPU
	EndGlobalSection
	GlobalSection(ProjectConfigurationPlatforms) = postSolution
		{A4B4F55C-B350-4F7A-85A8-518D3FA4EEA9}.Debug|Any CPU.ActiveCfg = Debug|Any CPU
		{A4B4F55C-B350-4F7A-85A8-518D3FA4EEA9}.Debug|Any CPU.Build.0 = Debug|Any CPU
		{A4B4F55C-B350-4F7A-85A8-518D3FA4EEA9}.Release|Any CPU.ActiveCfg = Release|Any CPU
		{A4B4F55C-B350-4F7A-85A8-518D3FA4EEA9}.Release|Any CPU.Build.0 = Release|Any CPU
	EndGlobalSection
	GlobalSection(SolutionProperties) = preSolution
		HideSolutionNode = FALSE
	EndGlobalSection
	GlobalSection(ExtensibilityGlobals) = postSolution
		SolutionGuid = {45988C56-620C-4E3D-971E-1E6D60AA7229}
	EndGlobalSection
EndGlobal
