
Microsoft Visual Studio Solution File, Format Version 12.00
# Visual Studio Version 17
VisualStudioVersion = 17.14.36511.14 d17.14
MinimumVisualStudioVersion = 10.0.40219.1
Project("{FAE04EC0-301F-11D3-BF4B-00C04F79EFBC}") = "task06_1", "task06_1\task06_1.csproj", "{EFFDDFB2-1746-4067-88DD-74D6E2416289}"
EndProject
Global
	GlobalSection(SolutionConfigurationPlatforms) = preSolution
		Debug|Any CPU = Debug|Any CPU
		Release|Any CPU = Release|Any CPU
	EndGlobalSection
	GlobalSection(ProjectConfigurationPlatforms) = postSolution
		{EFFDDFB2-1746-4067-88DD-74D6E2416289}.Debug|Any CPU.ActiveCfg = Debug|Any CPU
		{EFFDDFB2-1746-4067-88DD-74D6E2416289}.Debug|Any CPU.Build.0 = Debug|Any CPU
		{EFFDDFB2-1746-4067-88DD-74D6E2416289}.Release|Any CPU.ActiveCfg = Release|Any CPU
		{EFFDDFB2-1746-4067-88DD-74D6E2416289}.Release|Any CPU.Build.0 = Release|Any CPU
	EndGlobalSection
	GlobalSection(SolutionProperties) = preSolution
		HideSolutionNode = FALSE
	EndGlobalSection
	GlobalSection(ExtensibilityGlobals) = postSolution
		SolutionGuid = {135A3A71-AC1E-44BF-BA77-DE9EAADF6D86}
	EndGlobalSection
EndGlobal
