
Microsoft Visual Studio Solution File, Format Version 12.00
# Visual Studio Version 17
VisualStudioVersion = 17.14.36511.14 d17.14
MinimumVisualStudioVersion = 10.0.40219.1
Project("{FAE04EC0-301F-11D3-BF4B-00C04F79EFBC}") = "task08_3", "task08_3\task08_3.csproj", "{2F315067-0788-4B74-A53D-4756CD9F53CD}"
EndProject
Global
	GlobalSection(SolutionConfigurationPlatforms) = preSolution
		Debug|Any CPU = Debug|Any CPU
		Release|Any CPU = Release|Any CPU
	EndGlobalSection
	GlobalSection(ProjectConfigurationPlatforms) = postSolution
		{2F315067-0788-4B74-A53D-4756CD9F53CD}.Debug|Any CPU.ActiveCfg = Debug|Any CPU
		{2F315067-0788-4B74-A53D-4756CD9F53CD}.Debug|Any CPU.Build.0 = Debug|Any CPU
		{2F315067-0788-4B74-A53D-4756CD9F53CD}.Release|Any CPU.ActiveCfg = Release|Any CPU
		{2F315067-0788-4B74-A53D-4756CD9F53CD}.Release|Any CPU.Build.0 = Release|Any CPU
	EndGlobalSection
	GlobalSection(SolutionProperties) = preSolution
		HideSolutionNode = FALSE
	EndGlobalSection
	GlobalSection(ExtensibilityGlobals) = postSolution
		SolutionGuid = {B17D4AC4-B6B3-4EA8-A300-6EA4A24574B2}
	EndGlobalSection
EndGlobal
